
Microsoft Visual Studio Solution File, Format Version 12.00
# Visual Studio Version 17
VisualStudioVersion = 17.8.34309.116
MinimumVisualStudioVersion = 10.0.40219.1
Project("{9A19103F-16F7-4668-BE54-9A1E7A4F7556}") = "DaveBartonCCIntegrationAPI", "DaveBartonCCIntegrationAPI\DaveBartonCCIntegrationAPI.csproj", "{2EE57376-8B95-40A8-86AF-0E0F400172A2}"
EndProject
Project("{FAE04EC0-301F-11D3-BF4B-00C04F79EFBC}") = "TestDaveBartonAPI", "TestDaveBartonAPI\TestDaveBartonAPI.csproj", "{0A279FC4-909D-48A4-BFCD-7DDE03902F6C}"
EndProject
Global
	GlobalSection(SolutionConfigurationPlatforms) = preSolution
		Debug|Any CPU = Debug|Any CPU
		Release|Any CPU = Release|Any CPU
	EndGlobalSection
	GlobalSection(ProjectConfigurationPlatforms) = postSolution
		{2EE57376-8B95-40A8-86AF-0E0F400172A2}.Debug|Any CPU.ActiveCfg = Debug|Any CPU
		{2EE57376-8B95-40A8-86AF-0E0F400172A2}.Debug|Any CPU.Build.0 = Debug|Any CPU
		{2EE57376-8B95-40A8-86AF-0E0F400172A2}.Release|Any CPU.ActiveCfg = Release|Any CPU
		{2EE57376-8B95-40A8-86AF-0E0F400172A2}.Release|Any CPU.Build.0 = Release|Any CPU
		{0A279FC4-909D-48A4-BFCD-7DDE03902F6C}.Debug|Any CPU.ActiveCfg = Debug|Any CPU
		{0A279FC4-909D-48A4-BFCD-7DDE03902F6C}.Debug|Any CPU.Build.0 = Debug|Any CPU
		{0A279FC4-909D-48A4-BFCD-7DDE03902F6C}.Release|Any CPU.ActiveCfg = Release|Any CPU
		{0A279FC4-909D-48A4-BFCD-7DDE03902F6C}.Release|Any CPU.Build.0 = Release|Any CPU
	EndGlobalSection
	GlobalSection(SolutionProperties) = preSolution
		HideSolutionNode = FALSE
	EndGlobalSection
	GlobalSection(ExtensibilityGlobals) = postSolution
		SolutionGuid = {60EC1327-9DF0-46A7-A7C5-246F2392049A}
	EndGlobalSection
EndGlobal
